// !$*UTF8*$!
{
	archiveVersion = 1;
	classes = {
	};
	objectVersion = 46;
	objects = {

/* Begin PBXBuildFile section */
		EBDAFF3A1CEBC97F0052630D /* AppDelegate.swift in Sources */ = {isa = PBXBuildFile; fileRef = EBDAFF391CEBC97F0052630D /* AppDelegate.swift */; };
		EBDAFF3C1CEBC97F0052630D /* ViewController.swift in Sources */ = {isa = PBXBuildFile; fileRef = EBDAFF3B1CEBC97F0052630D /* ViewController.swift */; };
		EBDAFF3F1CEBC97F0052630D /* Main.storyboard in Resources */ = {isa = PBXBuildFile; fileRef = EBDAFF3D1CEBC97F0052630D /* Main.storyboard */; };
		EBDAFF411CEBC97F0052630D /* Assets.xcassets in Resources */ = {isa = PBXBuildFile; fileRef = EBDAFF401CEBC97F0052630D /* Assets.xcassets */; };
		EBDAFF441CEBC97F0052630D /* LaunchScreen.storyboard in Resources */ = {isa = PBXBuildFile; fileRef = EBDAFF421CEBC97F0052630D /* LaunchScreen.storyboard */; };
		EBDAFF4F1CEBC97F0052630D /* ______Tests.swift in Sources */ = {isa = PBXBuildFile; fileRef = EBDAFF4E1CEBC97F0052630D /* ______Tests.swift */; };
		EBDAFF5A1CEBC97F0052630D /* ______UITests.swift in Sources */ = {isa = PBXBuildFile; fileRef = EBDAFF591CEBC97F0052630D /* ______UITests.swift */; };
/* End PBXBuildFile section */

/* Begin PBXContainerItemProxy section */
		EBDAFF4B1CEBC97F0052630D /* PBXContainerItemProxy */ = {
			isa = PBXContainerItemProxy;
			containerPortal = EBDAFF2E1CEBC97F0052630D /* Project object */;
			proxyType = 1;
			remoteGlobalIDString = EBDAFF351CEBC97F0052630D;
			remoteInfo = "闭包循环引用";
		};
		EBDAFF561CEBC97F0052630D /* PBXContainerItemProxy */ = {
			isa = PBXContainerItemProxy;
			containerPortal = EBDAFF2E1CEBC97F0052630D /* Project object */;
			proxyType = 1;
			remoteGlobalIDString = EBDAFF351CEBC97F0052630D;
			remoteInfo = "闭包循环引用";
		};
/* End PBXContainerItemProxy section */

/* Begin PBXFileReference section */
		EBDAFF361CEBC97F0052630D /* 闭包循环引用.app */ = {isa = PBXFileReference; explicitFileType = wrapper.application; includeInIndex = 0; path = "闭包循环引用.app"; sourceTree = BUILT_PRODUCTS_DIR; };
		EBDAFF391CEBC97F0052630D /* AppDelegate.swift */ = {isa = PBXFileReference; lastKnownFileType = sourcecode.swift; path = AppDelegate.swift; sourceTree = "<group>"; };
		EBDAFF3B1CEBC97F0052630D /* ViewController.swift */ = {isa = PBXFileReference; lastKnownFileType = sourcecode.swift; path = ViewController.swift; sourceTree = "<group>"; };
		EBDAFF3E1CEBC97F0052630D /* Base */ = {isa = PBXFileReference; lastKnownFileType = file.storyboard; name = Base; path = Base.lproj/Main.storyboard; sourceTree = "<group>"; };
		EBDAFF401CEBC97F0052630D /* Assets.xcassets */ = {isa = PBXFileReference; lastKnownFileType = folder.assetcatalog; path = Assets.xcassets; sourceTree = "<group>"; };
		EBDAFF431CEBC97F0052630D /* Base */ = {isa = PBXFileReference; lastKnownFileType = file.storyboard; name = Base; path = Base.lproj/LaunchScreen.storyboard; sourceTree = "<group>"; };
		EBDAFF451CEBC97F0052630D /* Info.plist */ = {isa = PBXFileReference; lastKnownFileType = text.plist.xml; path = Info.plist; sourceTree = "<group>"; };
		EBDAFF4A1CEBC97F0052630D /* 闭包循环引用Tests.xctest */ = {isa = PBXFileReference; explicitFileType = wrapper.cfbundle; includeInIndex = 0; path = "闭包循环引用Tests.xctest"; sourceTree = BUILT_PRODUCTS_DIR; };
		EBDAFF4E1CEBC97F0052630D /* ______Tests.swift */ = {isa = PBXFileReference; lastKnownFileType = sourcecode.swift; path = "______Tests.swift"; sourceTree = "<group>"; };
		EBDAFF501CEBC97F0052630D /* Info.plist */ = {isa = PBXFileReference; lastKnownFileType = text.plist.xml; path = Info.plist; sourceTree = "<group>"; };
		EBDAFF551CEBC97F0052630D /* 闭包循环引用UITests.xctest */ = {isa = PBXFileReference; explicitFileType = wrapper.cfbundle; includeInIndex = 0; path = "闭包循环引用UITests.xctest"; sourceTree = BUILT_PRODUCTS_DIR; };
		EBDAFF591CEBC97F0052630D /* ______UITests.swift */ = {isa = PBXFileReference; lastKnownFileType = sourcecode.swift; path = "______UITests.swift"; sourceTree = "<group>"; };
		EBDAFF5B1CEBC97F0052630D /* Info.plist */ = {isa = PBXFileReference; lastKnownFileType = text.plist.xml; path = Info.plist; sourceTree = "<group>"; };
/* End PBXFileReference section */

/* Begin PBXFrameworksBuildPhase section */
		EBDAFF331CEBC97F0052630D /* Frameworks */ = {
			isa = PBXFrameworksBuildPhase;
			buildActionMask = 2147483647;
			files = (
			);
			runOnlyForDeploymentPostprocessing = 0;
		};
		EBDAFF471CEBC97F0052630D /* Frameworks */ = {
			isa = PBXFrameworksBuildPhase;
			buildActionMask = 2147483647;
			files = (
			);
			runOnlyForDeploymentPostprocessing = 0;
		};
		EBDAFF521CEBC97F0052630D /* Frameworks */ = {
			isa = PBXFrameworksBuildPhase;
			buildActionMask = 2147483647;
			files = (
			);
			runOnlyForDeploymentPostprocessing = 0;
		};
/* End PBXFrameworksBuildPhase section */

/* Begin PBXGroup section */
		EBDAFF2D1CEBC97F0052630D = {
			isa = PBXGroup;
			children = (
				EBDAFF381CEBC97F0052630D /* 闭包循环引用 */,
				EBDAFF4D1CEBC97F0052630D /* 闭包循环引用Tests */,
				EBDAFF581CEBC97F0052630D /* 闭包循环引用UITests */,
				EBDAFF371CEBC97F0052630D /* Products */,
			);
			sourceTree = "<group>";
		};
		EBDAFF371CEBC97F0052630D /* Products */ = {
			isa = PBXGroup;
			children = (
				EBDAFF361CEBC97F0052630D /* 闭包循环引用.app */,
				EBDAFF4A1CEBC97F0052630D /* 闭包循环引用Tests.xctest */,
				EBDAFF551CEBC97F0052630D /* 闭包循环引用UITests.xctest */,
			);
			name = Products;
			sourceTree = "<group>";
		};
		EBDAFF381CEBC97F0052630D /* 闭包循环引用 */ = {
			isa = PBXGroup;
			children = (
				EBDAFF391CEBC97F0052630D /* AppDelegate.swift */,
				EBDAFF3B1CEBC97F0052630D /* ViewController.swift */,
				EBDAFF3D1CEBC97F0052630D /* Main.storyboard */,
				EBDAFF401CEBC97F0052630D /* Assets.xcassets */,
				EBDAFF421CEBC97F0052630D /* LaunchScreen.storyboard */,
				EBDAFF451CEBC97F0052630D /* Info.plist */,
			);
			path = "闭包循环引用";
			sourceTree = "<group>";
		};
		EBDAFF4D1CEBC97F0052630D /* 闭包循环引用Tests */ = {
			isa = PBXGroup;
			children = (
				EBDAFF4E1CEBC97F0052630D /* ______Tests.swift */,
				EBDAFF501CEBC97F0052630D /* Info.plist */,
			);
			path = "闭包循环引用Tests";
			sourceTree = "<group>";
		};
		EBDAFF581CEBC97F0052630D /* 闭包循环引用UITests */ = {
			isa = PBXGroup;
			children = (
				EBDAFF591CEBC97F0052630D /* ______UITests.swift */,
				EBDAFF5B1CEBC97F0052630D /* Info.plist */,
			);
			path = "闭包循环引用UITests";
			sourceTree = "<group>";
		};
/* End PBXGroup section */

/* Begin PBXNativeTarget section */
		EBDAFF351CEBC97F0052630D /* 闭包循环引用 */ = {
			isa = PBXNativeTarget;
			buildConfigurationList = EBDAFF5E1CEBC97F0052630D /* Build configuration list for PBXNativeTarget "闭包循环引用" */;
			buildPhases = (
				EBDAFF321CEBC97F0052630D /* Sources */,
				EBDAFF331CEBC97F0052630D /* Frameworks */,
				EBDAFF341CEBC97F0052630D /* Resources */,
			);
			buildRules = (
			);
			dependencies = (
			);
			name = "闭包循环引用";
			productName = "闭包循环引用";
			productReference = EBDAFF361CEBC97F0052630D /* 闭包循环引用.app */;
			productType = "com.apple.product-type.application";
		};
		EBDAFF491CEBC97F0052630D /* 闭包循环引用Tests */ = {
			isa = PBXNativeTarget;
			buildConfigurationList = EBDAFF611CEBC97F0052630D /* Build configuration list for PBXNativeTarget "闭包循环引用Tests" */;
			buildPhases = (
				EBDAFF461CEBC97F0052630D /* Sources */,
				EBDAFF471CEBC97F0052630D /* Frameworks */,
				EBDAFF481CEBC97F0052630D /* Resources */,
			);
			buildRules = (
			);
			dependencies = (
				EBDAFF4C1CEBC97F0052630D /* PBXTargetDependency */,
			);
			name = "闭包循环引用Tests";
			productName = "闭包循环引用Tests";
			productReference = EBDAFF4A1CEBC97F0052630D /* 闭包循环引用Tests.xctest */;
			productType = "com.apple.product-type.bundle.unit-test";
		};
		EBDAFF541CEBC97F0052630D /* 闭包循环引用UITests */ = {
			isa = PBXNativeTarget;
			buildConfigurationList = EBDAFF641CEBC97F0052630D /* Build configuration list for PBXNativeTarget "闭包循环引用UITests" */;
			buildPhases = (
				EBDAFF511CEBC97F0052630D /* Sources */,
				EBDAFF521CEBC97F0052630D /* Frameworks */,
				EBDAFF531CEBC97F0052630D /* Resources */,
			);
			buildRules = (
			);
			dependencies = (
				EBDAFF571CEBC97F0052630D /* PBXTargetDependency */,
			);
			name = "闭包循环引用UITests";
			productName = "闭包循环引用UITests";
			productReference = EBDAFF551CEBC97F0052630D /* 闭包循环引用UITests.xctest */;
			productType = "com.apple.product-type.bundle.ui-testing";
		};
/* End PBXNativeTarget section */

/* Begin PBXProject section */
		EBDAFF2E1CEBC97F0052630D /* Project object */ = {
			isa = PBXProject;
			attributes = {
				LastSwiftUpdateCheck = 0720;
				LastUpgradeCheck = 0720;
				ORGANIZATIONNAME = DiankunWu;
				TargetAttributes = {
					EBDAFF351CEBC97F0052630D = {
						CreatedOnToolsVersion = 7.2;
					};
					EBDAFF491CEBC97F0052630D = {
						CreatedOnToolsVersion = 7.2;
						TestTargetID = EBDAFF351CEBC97F0052630D;
					};
					EBDAFF541CEBC97F0052630D = {
						CreatedOnToolsVersion = 7.2;
						TestTargetID = EBDAFF351CEBC97F0052630D;
					};
				};
			};
			buildConfigurationList = EBDAFF311CEBC97F0052630D /* Build configuration list for PBXProject "闭包循环引用" */;
			compatibilityVersion = "Xcode 3.2";
			developmentRegion = English;
			hasScannedForEncodings = 0;
			knownRegions = (
				en,
				Base,
			);
			mainGroup = EBDAFF2D1CEBC97F0052630D;
			productRefGroup = EBDAFF371CEBC97F0052630D /* Products */;
			projectDirPath = "";
			projectRoot = "";
			targets = (
				EBDAFF351CEBC97F0052630D /* 闭包循环引用 */,
				EBDAFF491CEBC97F0052630D /* 闭包循环引用Tests */,
				EBDAFF541CEBC97F0052630D /* 闭包循环引用UITests */,
			);
		};
/* End PBXProject section */

/* Begin PBXResourcesBuildPhase section */
		EBDAFF341CEBC97F0052630D /* Resources */ = {
			isa = PBXResourcesBuildPhase;
			buildActionMask = 2147483647;
			files = (
				EBDAFF441CEBC97F0052630D /* LaunchScreen.storyboard in Resources */,
				EBDAFF411CEBC97F0052630D /* Assets.xcassets in Resources */,
				EBDAFF3F1CEBC97F0052630D /* Main.storyboard in Resources */,
			);
			runOnlyForDeploymentPostprocessing = 0;
		};
		EBDAFF481CEBC97F0052630D /* Resources */ = {
			isa = PBXResourcesBuildPhase;
			buildActionMask = 2147483647;
			files = (
			);
			runOnlyForDeploymentPostprocessing = 0;
		};
		EBDAFF531CEBC97F0052630D /* Resources */ = {
			isa = PBXResourcesBuildPhase;
			buildActionMask = 2147483647;
			files = (
			);
			runOnlyForDeploymentPostprocessing = 0;
		};
/* End PBXResourcesBuildPhase section */

/* Begin PBXSourcesBuildPhase section */
		EBDAFF321CEBC97F0052630D /* Sources */ = {
			isa = PBXSourcesBuildPhase;
			buildActionMask = 2147483647;
			files = (
				EBDAFF3C1CEBC97F0052630D /* ViewController.swift in Sources */,
				EBDAFF3A1CEBC97F0052630D /* AppDelegate.swift in Sources */,
			);
			runOnlyForDeploymentPostprocessing = 0;
		};
		EBDAFF461CEBC97F0052630D /* Sources */ = {
			isa = PBXSourcesBuildPhase;
			buildActionMask = 2147483647;
			files = (
				EBDAFF4F1CEBC97F0052630D /* ______Tests.swift in Sources */,
			);
			runOnlyForDeploymentPostprocessing = 0;
		};
		EBDAFF511CEBC97F0052630D /* Sources */ = {
			isa = PBXSourcesBuildPhase;
			buildActionMask = 2147483647;
			files = (
				EBDAFF5A1CEBC97F0052630D /* ______UITests.swift in Sources */,
			);
			runOnlyForDeploymentPostprocessing = 0;
		};
/* End PBXSourcesBuildPhase section */

/* Begin PBXTargetDependency section */
		EBDAFF4C1CEBC97F0052630D /* PBXTargetDependency */ = {
			isa = PBXTargetDependency;
			target = EBDAFF351CEBC97F0052630D /* 闭包循环引用 */;
			targetProxy = EBDAFF4B1CEBC97F0052630D /* PBXContainerItemProxy */;
		};
		EBDAFF571CEBC97F0052630D /* PBXTargetDependency */ = {
			isa = PBXTargetDependency;
			target = EBDAFF351CEBC97F0052630D /* 闭包循环引用 */;
			targetProxy = EBDAFF561CEBC97F0052630D /* PBXContainerItemProxy */;
		};
/* End PBXTargetDependency section */

/* Begin PBXVariantGroup section */
		EBDAFF3D1CEBC97F0052630D /* Main.storyboard */ = {
			isa = PBXVariantGroup;
			children = (
				EBDAFF3E1CEBC97F0052630D /* Base */,
			);
			name = Main.storyboard;
			sourceTree = "<group>";
		};
		EBDAFF421CEBC97F0052630D /* LaunchScreen.storyboard */ = {
			isa = PBXVariantGroup;
			children = (
				EBDAFF431CEBC97F0052630D /* Base */,
			);
			name = LaunchScreen.storyboard;
			sourceTree = "<group>";
		};
/* End PBXVariantGroup section */

/* Begin XCBuildConfiguration section */
		EBDAFF5C1CEBC97F0052630D /* Debug */ = {
			isa = XCBuildConfiguration;
			buildSettings = {
				ALWAYS_SEARCH_USER_PATHS = NO;
				CLANG_CXX_LANGUAGE_STANDARD = "gnu++0x";
				CLANG_CXX_LIBRARY = "libc++";
				CLANG_ENABLE_MODULES = YES;
				CLANG_ENABLE_OBJC_ARC = YES;
				CLANG_WARN_BOOL_CONVERSION = YES;
				CLANG_WARN_CONSTANT_CONVERSION = YES;
				CLANG_WARN_DIRECT_OBJC_ISA_USAGE = YES_ERROR;
				CLANG_WARN_EMPTY_BODY = YES;
				CLANG_WARN_ENUM_CONVERSION = YES;
				CLANG_WARN_INT_CONVERSION = YES;
				CLANG_WARN_OBJC_ROOT_CLASS = YES_ERROR;
				CLANG_WARN_UNREACHABLE_CODE = YES;
				CLANG_WARN__DUPLICATE_METHOD_MATCH = YES;
				"CODE_SIGN_IDENTITY[sdk=iphoneos*]" = "iPhone Developer";
				COPY_PHASE_STRIP = NO;
				DEBUG_INFORMATION_FORMAT = dwarf;
				ENABLE_STRICT_OBJC_MSGSEND = YES;
				ENABLE_TESTABILITY = YES;
				GCC_C_LANGUAGE_STANDARD = gnu99;
				GCC_DYNAMIC_NO_PIC = NO;
				GCC_NO_COMMON_BLOCKS = YES;
				GCC_OPTIMIZATION_LEVEL = 0;
				GCC_PREPROCESSOR_DEFINITIONS = (
					"DEBUG=1",
					"$(inherited)",
				);
				GCC_WARN_64_TO_32_BIT_CONVERSION = YES;
				GCC_WARN_ABOUT_RETURN_TYPE = YES_ERROR;
				GCC_WARN_UNDECLARED_SELECTOR = YES;
				GCC_WARN_UNINITIALIZED_AUTOS = YES_AGGRESSIVE;
				GCC_WARN_UNUSED_FUNCTION = YES;
				GCC_WARN_UNUSED_VARIABLE = YES;
				IPHONEOS_DEPLOYMENT_TARGET = 9.2;
				MTL_ENABLE_DEBUG_INFO = YES;
				ONLY_ACTIVE_ARCH = YES;
				SDKROOT = iphoneos;
				SWIFT_OPTIMIZATION_LEVEL = "-Onone";
			};
			name = Debug;
		};
		EBDAFF5D1CEBC97F0052630D /* Release */ = {
			isa = XCBuildConfiguration;
			buildSettings = {
				ALWAYS_SEARCH_USER_PATHS = NO;
				CLANG_CXX_LANGUAGE_STANDARD = "gnu++0x";
				CLANG_CXX_LIBRARY = "libc++";
				CLANG_ENABLE_MODULES = YES;
				CLANG_ENABLE_OBJC_ARC = YES;
				CLANG_WARN_BOOL_CONVERSION = YES;
				CLANG_WARN_CONSTANT_CONVERSION = YES;
				CLANG_WARN_DIRECT_OBJC_ISA_USAGE = YES_ERROR;
				CLANG_WARN_EMPTY_BODY = YES;
				CLANG_WARN_ENUM_CONVERSION = YES;
				CLANG_WARN_INT_CONVERSION = YES;
				CLANG_WARN_OBJC_ROOT_CLASS = YES_ERROR;
				CLANG_WARN_UNREACHABLE_CODE = YES;
				CLANG_WARN__DUPLICATE_METHOD_MATCH = YES;
				"CODE_SIGN_IDENTITY[sdk=iphoneos*]" = "iPhone Developer";
				COPY_PHASE_STRIP = NO;
				DEBUG_INFORMATION_FORMAT = "dwarf-with-dsym";
				ENABLE_NS_ASSERTIONS = NO;
				ENABLE_STRICT_OBJC_MSGSEND = YES;
				GCC_C_LANGUAGE_STANDARD = gnu99;
				GCC_NO_COMMON_BLOCKS = YES;
				GCC_WARN_64_TO_32_BIT_CONVERSION = YES;
				GCC_WARN_ABOUT_RETURN_TYPE = YES_ERROR;
				GCC_WARN_UNDECLARED_SELECTOR = YES;
				GCC_WARN_UNINITIALIZED_AUTOS = YES_AGGRESSIVE;
				GCC_WARN_UNUSED_FUNCTION = YES;
				GCC_WARN_UNUSED_VARIABLE = YES;
				IPHONEOS_DEPLOYMENT_TARGET = 9.2;
				MTL_ENABLE_DEBUG_INFO = NO;
				SDKROOT = iphoneos;
				VALIDATE_PRODUCT = YES;
			};
			name = Release;
		};
		EBDAFF5F1CEBC97F0052630D /* Debug */ = {
			isa = XCBuildConfiguration;
			buildSettings = {
				ASSETCATALOG_COMPILER_APPICON_NAME = AppIcon;
				INFOPLIST_FILE = "闭包循环引用/Info.plist";
				LD_RUNPATH_SEARCH_PATHS = "$(inherited) @executable_path/Frameworks";
				PRODUCT_BUNDLE_IDENTIFIER = "diankun.------";
				PRODUCT_NAME = "$(TARGET_NAME)";
			};
			name = Debug;
		};
		EBDAFF601CEBC97F0052630D /* Release */ = {
			isa = XCBuildConfiguration;
			buildSettings = {
				ASSETCATALOG_COMPILER_APPICON_NAME = AppIcon;
				INFOPLIST_FILE = "闭包循环引用/Info.plist";
				LD_RUNPATH_SEARCH_PATHS = "$(inherited) @executable_path/Frameworks";
				PRODUCT_BUNDLE_IDENTIFIER = "diankun.------";
				PRODUCT_NAME = "$(TARGET_NAME)";
			};
			name = Release;
		};
		EBDAFF621CEBC97F0052630D /* Debug */ = {
			isa = XCBuildConfiguration;
			buildSettings = {
				BUNDLE_LOADER = "$(TEST_HOST)";
				INFOPLIST_FILE = "闭包循环引用Tests/Info.plist";
				LD_RUNPATH_SEARCH_PATHS = "$(inherited) @executable_path/Frameworks @loader_path/Frameworks";
				PRODUCT_BUNDLE_IDENTIFIER = "diankun.------Tests";
				PRODUCT_NAME = "$(TARGET_NAME)";
				TEST_HOST = "$(BUILT_PRODUCTS_DIR)/闭包循环引用.app/闭包循环引用";
			};
			name = Debug;
		};
		EBDAFF631CEBC97F0052630D /* Release */ = {
			isa = XCBuildConfiguration;
			buildSettings = {
				BUNDLE_LOADER = "$(TEST_HOST)";
				INFOPLIST_FILE = "闭包循环引用Tests/Info.plist";
				LD_RUNPATH_SEARCH_PATHS = "$(inherited) @executable_path/Frameworks @loader_path/Frameworks";
				PRODUCT_BUNDLE_IDENTIFIER = "diankun.------Tests";
				PRODUCT_NAME = "$(TARGET_NAME)";
				TEST_HOST = "$(BUILT_PRODUCTS_DIR)/闭包循环引用.app/闭包循环引用";
			};
			name = Release;
		};
		EBDAFF651CEBC97F0052630D /* Debug */ = {
			isa = XCBuildConfiguration;
			buildSettings = {
				INFOPLIST_FILE = "闭包循环引用UITests/Info.plist";
				LD_RUNPATH_SEARCH_PATHS = "$(inherited) @executable_path/Frameworks @loader_path/Frameworks";
				PRODUCT_BUNDLE_IDENTIFIER = "diankun.------UITests";
				PRODUCT_NAME = "$(TARGET_NAME)";
				TEST_TARGET_NAME = "闭包循环引用";
				USES_XCTRUNNER = YES;
			};
			name = Debug;
		};
		EBDAFF661CEBC97F0052630D /* Release */ = {
			isa = XCBuildConfiguration;
			buildSettings = {
				INFOPLIST_FILE = "闭包循环引用UITests/Info.plist";
				LD_RUNPATH_SEARCH_PATHS = "$(inherited) @executable_path/Frameworks @loader_path/Frameworks";
				PRODUCT_BUNDLE_IDENTIFIER = "diankun.------UITests";
				PRODUCT_NAME = "$(TARGET_NAME)";
				TEST_TARGET_NAME = "闭包循环引用";
				USES_XCTRUNNER = YES;
			};
			name = Release;
		};
/* End XCBuildConfiguration section */

/* Begin XCConfigurationList section */
		EBDAFF311CEBC97F0052630D /* Build configuration list for PBXProject "闭包循环引用" */ = {
			isa = XCConfigurationList;
			buildConfigurations = (
				EBDAFF5C1CEBC97F0052630D /* Debug */,
				EBDAFF5D1CEBC97F0052630D /* Release */,
			);
			defaultConfigurationIsVisible = 0;
			defaultConfigurationName = Release;
		};
		EBDAFF5E1CEBC97F0052630D /* Build configuration list for PBXNativeTarget "闭包循环引用" */ = {
			isa = XCConfigurationList;
			buildConfigurations = (
				EBDAFF5F1CEBC97F0052630D /* Debug */,
				EBDAFF601CEBC97F0052630D /* Release */,
			);
			defaultConfigurationIsVisible = 0;
		};
		EBDAFF611CEBC97F0052630D /* Build configuration list for PBXNativeTarget "闭包循环引用Tests" */ = {
			isa = XCConfigurationList;
			buildConfigurations = (
				EBDAFF621CEBC97F0052630D /* Debug */,
				EBDAFF631CEBC97F0052630D /* Release */,
			);
			defaultConfigurationIsVisible = 0;
		};
		EBDAFF641CEBC97F0052630D /* Build configuration list for PBXNativeTarget "闭包循环引用UITests" */ = {
			isa = XCConfigurationList;
			buildConfigurations = (
				EBDAFF651CEBC97F0052630D /* Debug */,
				EBDAFF661CEBC97F0052630D /* Release */,
			);
			defaultConfigurationIsVisible = 0;
		};
/* End XCConfigurationList section */
	};
	rootObject = EBDAFF2E1CEBC97F0052630D /* Project object */;
}
