// !$*UTF8*$!
{
	archiveVersion = 1;
	classes = {
	};
	objectVersion = 46;
	objects = {

/* Begin PBXBuildFile section */
		EBDAFFB01CEBD24F0052630D /* AppDelegate.swift in Sources */ = {isa = PBXBuildFile; fileRef = EBDAFFAF1CEBD24F0052630D /* AppDelegate.swift */; };
		EBDAFFB21CEBD24F0052630D /* ViewController.swift in Sources */ = {isa = PBXBuildFile; fileRef = EBDAFFB11CEBD24F0052630D /* ViewController.swift */; };
		EBDAFFB51CEBD24F0052630D /* Main.storyboard in Resources */ = {isa = PBXBuildFile; fileRef = EBDAFFB31CEBD24F0052630D /* Main.storyboard */; };
		EBDAFFB71CEBD24F0052630D /* Assets.xcassets in Resources */ = {isa = PBXBuildFile; fileRef = EBDAFFB61CEBD24F0052630D /* Assets.xcassets */; };
		EBDAFFBA1CEBD24F0052630D /* LaunchScreen.storyboard in Resources */ = {isa = PBXBuildFile; fileRef = EBDAFFB81CEBD24F0052630D /* LaunchScreen.storyboard */; };
		EBDAFFC51CEBD24F0052630D /* ___Tests.swift in Sources */ = {isa = PBXBuildFile; fileRef = EBDAFFC41CEBD24F0052630D /* ___Tests.swift */; };
		EBDAFFD01CEBD24F0052630D /* ___UITests.swift in Sources */ = {isa = PBXBuildFile; fileRef = EBDAFFCF1CEBD24F0052630D /* ___UITests.swift */; };
/* End PBXBuildFile section */

/* Begin PBXContainerItemProxy section */
		EBDAFFC11CEBD24F0052630D /* PBXContainerItemProxy */ = {
			isa = PBXContainerItemProxy;
			containerPortal = EBDAFFA41CEBD24F0052630D /* Project object */;
			proxyType = 1;
			remoteGlobalIDString = EBDAFFAB1CEBD24F0052630D;
			remoteInfo = "懒加载";
		};
		EBDAFFCC1CEBD24F0052630D /* PBXContainerItemProxy */ = {
			isa = PBXContainerItemProxy;
			containerPortal = EBDAFFA41CEBD24F0052630D /* Project object */;
			proxyType = 1;
			remoteGlobalIDString = EBDAFFAB1CEBD24F0052630D;
			remoteInfo = "懒加载";
		};
/* End PBXContainerItemProxy section */

/* Begin PBXFileReference section */
		EBDAFFAC1CEBD24F0052630D /* 懒加载.app */ = {isa = PBXFileReference; explicitFileType = wrapper.application; includeInIndex = 0; path = "懒加载.app"; sourceTree = BUILT_PRODUCTS_DIR; };
		EBDAFFAF1CEBD24F0052630D /* AppDelegate.swift */ = {isa = PBXFileReference; lastKnownFileType = sourcecode.swift; path = AppDelegate.swift; sourceTree = "<group>"; };
		EBDAFFB11CEBD24F0052630D /* ViewController.swift */ = {isa = PBXFileReference; lastKnownFileType = sourcecode.swift; path = ViewController.swift; sourceTree = "<group>"; };
		EBDAFFB41CEBD24F0052630D /* Base */ = {isa = PBXFileReference; lastKnownFileType = file.storyboard; name = Base; path = Base.lproj/Main.storyboard; sourceTree = "<group>"; };
		EBDAFFB61CEBD24F0052630D /* Assets.xcassets */ = {isa = PBXFileReference; lastKnownFileType = folder.assetcatalog; path = Assets.xcassets; sourceTree = "<group>"; };
		EBDAFFB91CEBD24F0052630D /* Base */ = {isa = PBXFileReference; lastKnownFileType = file.storyboard; name = Base; path = Base.lproj/LaunchScreen.storyboard; sourceTree = "<group>"; };
		EBDAFFBB1CEBD24F0052630D /* Info.plist */ = {isa = PBXFileReference; lastKnownFileType = text.plist.xml; path = Info.plist; sourceTree = "<group>"; };
		EBDAFFC01CEBD24F0052630D /* 懒加载Tests.xctest */ = {isa = PBXFileReference; explicitFileType = wrapper.cfbundle; includeInIndex = 0; path = "懒加载Tests.xctest"; sourceTree = BUILT_PRODUCTS_DIR; };
		EBDAFFC41CEBD24F0052630D /* ___Tests.swift */ = {isa = PBXFileReference; lastKnownFileType = sourcecode.swift; path = "___Tests.swift"; sourceTree = "<group>"; };
		EBDAFFC61CEBD24F0052630D /* Info.plist */ = {isa = PBXFileReference; lastKnownFileType = text.plist.xml; path = Info.plist; sourceTree = "<group>"; };
		EBDAFFCB1CEBD24F0052630D /* 懒加载UITests.xctest */ = {isa = PBXFileReference; explicitFileType = wrapper.cfbundle; includeInIndex = 0; path = "懒加载UITests.xctest"; sourceTree = BUILT_PRODUCTS_DIR; };
		EBDAFFCF1CEBD24F0052630D /* ___UITests.swift */ = {isa = PBXFileReference; lastKnownFileType = sourcecode.swift; path = "___UITests.swift"; sourceTree = "<group>"; };
		EBDAFFD11CEBD24F0052630D /* Info.plist */ = {isa = PBXFileReference; lastKnownFileType = text.plist.xml; path = Info.plist; sourceTree = "<group>"; };
/* End PBXFileReference section */

/* Begin PBXFrameworksBuildPhase section */
		EBDAFFA91CEBD24F0052630D /* Frameworks */ = {
			isa = PBXFrameworksBuildPhase;
			buildActionMask = 2147483647;
			files = (
			);
			runOnlyForDeploymentPostprocessing = 0;
		};
		EBDAFFBD1CEBD24F0052630D /* Frameworks */ = {
			isa = PBXFrameworksBuildPhase;
			buildActionMask = 2147483647;
			files = (
			);
			runOnlyForDeploymentPostprocessing = 0;
		};
		EBDAFFC81CEBD24F0052630D /* Frameworks */ = {
			isa = PBXFrameworksBuildPhase;
			buildActionMask = 2147483647;
			files = (
			);
			runOnlyForDeploymentPostprocessing = 0;
		};
/* End PBXFrameworksBuildPhase section */

/* Begin PBXGroup section */
		EBDAFFA31CEBD24F0052630D = {
			isa = PBXGroup;
			children = (
				EBDAFFAE1CEBD24F0052630D /* 懒加载 */,
				EBDAFFC31CEBD24F0052630D /* 懒加载Tests */,
				EBDAFFCE1CEBD24F0052630D /* 懒加载UITests */,
				EBDAFFAD1CEBD24F0052630D /* Products */,
			);
			sourceTree = "<group>";
		};
		EBDAFFAD1CEBD24F0052630D /* Products */ = {
			isa = PBXGroup;
			children = (
				EBDAFFAC1CEBD24F0052630D /* 懒加载.app */,
				EBDAFFC01CEBD24F0052630D /* 懒加载Tests.xctest */,
				EBDAFFCB1CEBD24F0052630D /* 懒加载UITests.xctest */,
			);
			name = Products;
			sourceTree = "<group>";
		};
		EBDAFFAE1CEBD24F0052630D /* 懒加载 */ = {
			isa = PBXGroup;
			children = (
				EBDAFFAF1CEBD24F0052630D /* AppDelegate.swift */,
				EBDAFFB11CEBD24F0052630D /* ViewController.swift */,
				EBDAFFB31CEBD24F0052630D /* Main.storyboard */,
				EBDAFFB61CEBD24F0052630D /* Assets.xcassets */,
				EBDAFFB81CEBD24F0052630D /* LaunchScreen.storyboard */,
				EBDAFFBB1CEBD24F0052630D /* Info.plist */,
			);
			path = "懒加载";
			sourceTree = "<group>";
		};
		EBDAFFC31CEBD24F0052630D /* 懒加载Tests */ = {
			isa = PBXGroup;
			children = (
				EBDAFFC41CEBD24F0052630D /* ___Tests.swift */,
				EBDAFFC61CEBD24F0052630D /* Info.plist */,
			);
			path = "懒加载Tests";
			sourceTree = "<group>";
		};
		EBDAFFCE1CEBD24F0052630D /* 懒加载UITests */ = {
			isa = PBXGroup;
			children = (
				EBDAFFCF1CEBD24F0052630D /* ___UITests.swift */,
				EBDAFFD11CEBD24F0052630D /* Info.plist */,
			);
			path = "懒加载UITests";
			sourceTree = "<group>";
		};
/* End PBXGroup section */

/* Begin PBXNativeTarget section */
		EBDAFFAB1CEBD24F0052630D /* 懒加载 */ = {
			isa = PBXNativeTarget;
			buildConfigurationList = EBDAFFD41CEBD24F0052630D /* Build configuration list for PBXNativeTarget "懒加载" */;
			buildPhases = (
				EBDAFFA81CEBD24F0052630D /* Sources */,
				EBDAFFA91CEBD24F0052630D /* Frameworks */,
				EBDAFFAA1CEBD24F0052630D /* Resources */,
			);
			buildRules = (
			);
			dependencies = (
			);
			name = "懒加载";
			productName = "懒加载";
			productReference = EBDAFFAC1CEBD24F0052630D /* 懒加载.app */;
			productType = "com.apple.product-type.application";
		};
		EBDAFFBF1CEBD24F0052630D /* 懒加载Tests */ = {
			isa = PBXNativeTarget;
			buildConfigurationList = EBDAFFD71CEBD24F0052630D /* Build configuration list for PBXNativeTarget "懒加载Tests" */;
			buildPhases = (
				EBDAFFBC1CEBD24F0052630D /* Sources */,
				EBDAFFBD1CEBD24F0052630D /* Frameworks */,
				EBDAFFBE1CEBD24F0052630D /* Resources */,
			);
			buildRules = (
			);
			dependencies = (
				EBDAFFC21CEBD24F0052630D /* PBXTargetDependency */,
			);
			name = "懒加载Tests";
			productName = "懒加载Tests";
			productReference = EBDAFFC01CEBD24F0052630D /* 懒加载Tests.xctest */;
			productType = "com.apple.product-type.bundle.unit-test";
		};
		EBDAFFCA1CEBD24F0052630D /* 懒加载UITests */ = {
			isa = PBXNativeTarget;
			buildConfigurationList = EBDAFFDA1CEBD24F0052630D /* Build configuration list for PBXNativeTarget "懒加载UITests" */;
			buildPhases = (
				EBDAFFC71CEBD24F0052630D /* Sources */,
				EBDAFFC81CEBD24F0052630D /* Frameworks */,
				EBDAFFC91CEBD24F0052630D /* Resources */,
			);
			buildRules = (
			);
			dependencies = (
				EBDAFFCD1CEBD24F0052630D /* PBXTargetDependency */,
			);
			name = "懒加载UITests";
			productName = "懒加载UITests";
			productReference = EBDAFFCB1CEBD24F0052630D /* 懒加载UITests.xctest */;
			productType = "com.apple.product-type.bundle.ui-testing";
		};
/* End PBXNativeTarget section */

/* Begin PBXProject section */
		EBDAFFA41CEBD24F0052630D /* Project object */ = {
			isa = PBXProject;
			attributes = {
				LastSwiftUpdateCheck = 0720;
				LastUpgradeCheck = 0720;
				ORGANIZATIONNAME = DiankunWu;
				TargetAttributes = {
					EBDAFFAB1CEBD24F0052630D = {
						CreatedOnToolsVersion = 7.2;
					};
					EBDAFFBF1CEBD24F0052630D = {
						CreatedOnToolsVersion = 7.2;
						TestTargetID = EBDAFFAB1CEBD24F0052630D;
					};
					EBDAFFCA1CEBD24F0052630D = {
						CreatedOnToolsVersion = 7.2;
						TestTargetID = EBDAFFAB1CEBD24F0052630D;
					};
				};
			};
			buildConfigurationList = EBDAFFA71CEBD24F0052630D /* Build configuration list for PBXProject "懒加载" */;
			compatibilityVersion = "Xcode 3.2";
			developmentRegion = English;
			hasScannedForEncodings = 0;
			knownRegions = (
				en,
				Base,
			);
			mainGroup = EBDAFFA31CEBD24F0052630D;
			productRefGroup = EBDAFFAD1CEBD24F0052630D /* Products */;
			projectDirPath = "";
			projectRoot = "";
			targets = (
				EBDAFFAB1CEBD24F0052630D /* 懒加载 */,
				EBDAFFBF1CEBD24F0052630D /* 懒加载Tests */,
				EBDAFFCA1CEBD24F0052630D /* 懒加载UITests */,
			);
		};
/* End PBXProject section */

/* Begin PBXResourcesBuildPhase section */
		EBDAFFAA1CEBD24F0052630D /* Resources */ = {
			isa = PBXResourcesBuildPhase;
			buildActionMask = 2147483647;
			files = (
				EBDAFFBA1CEBD24F0052630D /* LaunchScreen.storyboard in Resources */,
				EBDAFFB71CEBD24F0052630D /* Assets.xcassets in Resources */,
				EBDAFFB51CEBD24F0052630D /* Main.storyboard in Resources */,
			);
			runOnlyForDeploymentPostprocessing = 0;
		};
		EBDAFFBE1CEBD24F0052630D /* Resources */ = {
			isa = PBXResourcesBuildPhase;
			buildActionMask = 2147483647;
			files = (
			);
			runOnlyForDeploymentPostprocessing = 0;
		};
		EBDAFFC91CEBD24F0052630D /* Resources */ = {
			isa = PBXResourcesBuildPhase;
			buildActionMask = 2147483647;
			files = (
			);
			runOnlyForDeploymentPostprocessing = 0;
		};
/* End PBXResourcesBuildPhase section */

/* Begin PBXSourcesBuildPhase section */
		EBDAFFA81CEBD24F0052630D /* Sources */ = {
			isa = PBXSourcesBuildPhase;
			buildActionMask = 2147483647;
			files = (
				EBDAFFB21CEBD24F0052630D /* ViewController.swift in Sources */,
				EBDAFFB01CEBD24F0052630D /* AppDelegate.swift in Sources */,
			);
			runOnlyForDeploymentPostprocessing = 0;
		};
		EBDAFFBC1CEBD24F0052630D /* Sources */ = {
			isa = PBXSourcesBuildPhase;
			buildActionMask = 2147483647;
			files = (
				EBDAFFC51CEBD24F0052630D /* ___Tests.swift in Sources */,
			);
			runOnlyForDeploymentPostprocessing = 0;
		};
		EBDAFFC71CEBD24F0052630D /* Sources */ = {
			isa = PBXSourcesBuildPhase;
			buildActionMask = 2147483647;
			files = (
				EBDAFFD01CEBD24F0052630D /* ___UITests.swift in Sources */,
			);
			runOnlyForDeploymentPostprocessing = 0;
		};
/* End PBXSourcesBuildPhase section */

/* Begin PBXTargetDependency section */
		EBDAFFC21CEBD24F0052630D /* PBXTargetDependency */ = {
			isa = PBXTargetDependency;
			target = EBDAFFAB1CEBD24F0052630D /* 懒加载 */;
			targetProxy = EBDAFFC11CEBD24F0052630D /* PBXContainerItemProxy */;
		};
		EBDAFFCD1CEBD24F0052630D /* PBXTargetDependency */ = {
			isa = PBXTargetDependency;
			target = EBDAFFAB1CEBD24F0052630D /* 懒加载 */;
			targetProxy = EBDAFFCC1CEBD24F0052630D /* PBXContainerItemProxy */;
		};
/* End PBXTargetDependency section */

/* Begin PBXVariantGroup section */
		EBDAFFB31CEBD24F0052630D /* Main.storyboard */ = {
			isa = PBXVariantGroup;
			children = (
				EBDAFFB41CEBD24F0052630D /* Base */,
			);
			name = Main.storyboard;
			sourceTree = "<group>";
		};
		EBDAFFB81CEBD24F0052630D /* LaunchScreen.storyboard */ = {
			isa = PBXVariantGroup;
			children = (
				EBDAFFB91CEBD24F0052630D /* Base */,
			);
			name = LaunchScreen.storyboard;
			sourceTree = "<group>";
		};
/* End PBXVariantGroup section */

/* Begin XCBuildConfiguration section */
		EBDAFFD21CEBD24F0052630D /* Debug */ = {
			isa = XCBuildConfiguration;
			buildSettings = {
				ALWAYS_SEARCH_USER_PATHS = NO;
				CLANG_CXX_LANGUAGE_STANDARD = "gnu++0x";
				CLANG_CXX_LIBRARY = "libc++";
				CLANG_ENABLE_MODULES = YES;
				CLANG_ENABLE_OBJC_ARC = YES;
				CLANG_WARN_BOOL_CONVERSION = YES;
				CLANG_WARN_CONSTANT_CONVERSION = YES;
				CLANG_WARN_DIRECT_OBJC_ISA_USAGE = YES_ERROR;
				CLANG_WARN_EMPTY_BODY = YES;
				CLANG_WARN_ENUM_CONVERSION = YES;
				CLANG_WARN_INT_CONVERSION = YES;
				CLANG_WARN_OBJC_ROOT_CLASS = YES_ERROR;
				CLANG_WARN_UNREACHABLE_CODE = YES;
				CLANG_WARN__DUPLICATE_METHOD_MATCH = YES;
				"CODE_SIGN_IDENTITY[sdk=iphoneos*]" = "iPhone Developer";
				COPY_PHASE_STRIP = NO;
				DEBUG_INFORMATION_FORMAT = dwarf;
				ENABLE_STRICT_OBJC_MSGSEND = YES;
				ENABLE_TESTABILITY = YES;
				GCC_C_LANGUAGE_STANDARD = gnu99;
				GCC_DYNAMIC_NO_PIC = NO;
				GCC_NO_COMMON_BLOCKS = YES;
				GCC_OPTIMIZATION_LEVEL = 0;
				GCC_PREPROCESSOR_DEFINITIONS = (
					"DEBUG=1",
					"$(inherited)",
				);
				GCC_WARN_64_TO_32_BIT_CONVERSION = YES;
				GCC_WARN_ABOUT_RETURN_TYPE = YES_ERROR;
				GCC_WARN_UNDECLARED_SELECTOR = YES;
				GCC_WARN_UNINITIALIZED_AUTOS = YES_AGGRESSIVE;
				GCC_WARN_UNUSED_FUNCTION = YES;
				GCC_WARN_UNUSED_VARIABLE = YES;
				IPHONEOS_DEPLOYMENT_TARGET = 9.2;
				MTL_ENABLE_DEBUG_INFO = YES;
				ONLY_ACTIVE_ARCH = YES;
				SDKROOT = iphoneos;
				SWIFT_OPTIMIZATION_LEVEL = "-Onone";
			};
			name = Debug;
		};
		EBDAFFD31CEBD24F0052630D /* Release */ = {
			isa = XCBuildConfiguration;
			buildSettings = {
				ALWAYS_SEARCH_USER_PATHS = NO;
				CLANG_CXX_LANGUAGE_STANDARD = "gnu++0x";
				CLANG_CXX_LIBRARY = "libc++";
				CLANG_ENABLE_MODULES = YES;
				CLANG_ENABLE_OBJC_ARC = YES;
				CLANG_WARN_BOOL_CONVERSION = YES;
				CLANG_WARN_CONSTANT_CONVERSION = YES;
				CLANG_WARN_DIRECT_OBJC_ISA_USAGE = YES_ERROR;
				CLANG_WARN_EMPTY_BODY = YES;
				CLANG_WARN_ENUM_CONVERSION = YES;
				CLANG_WARN_INT_CONVERSION = YES;
				CLANG_WARN_OBJC_ROOT_CLASS = YES_ERROR;
				CLANG_WARN_UNREACHABLE_CODE = YES;
				CLANG_WARN__DUPLICATE_METHOD_MATCH = YES;
				"CODE_SIGN_IDENTITY[sdk=iphoneos*]" = "iPhone Developer";
				COPY_PHASE_STRIP = NO;
				DEBUG_INFORMATION_FORMAT = "dwarf-with-dsym";
				ENABLE_NS_ASSERTIONS = NO;
				ENABLE_STRICT_OBJC_MSGSEND = YES;
				GCC_C_LANGUAGE_STANDARD = gnu99;
				GCC_NO_COMMON_BLOCKS = YES;
				GCC_WARN_64_TO_32_BIT_CONVERSION = YES;
				GCC_WARN_ABOUT_RETURN_TYPE = YES_ERROR;
				GCC_WARN_UNDECLARED_SELECTOR = YES;
				GCC_WARN_UNINITIALIZED_AUTOS = YES_AGGRESSIVE;
				GCC_WARN_UNUSED_FUNCTION = YES;
				GCC_WARN_UNUSED_VARIABLE = YES;
				IPHONEOS_DEPLOYMENT_TARGET = 9.2;
				MTL_ENABLE_DEBUG_INFO = NO;
				SDKROOT = iphoneos;
				VALIDATE_PRODUCT = YES;
			};
			name = Release;
		};
		EBDAFFD51CEBD24F0052630D /* Debug */ = {
			isa = XCBuildConfiguration;
			buildSettings = {
				ASSETCATALOG_COMPILER_APPICON_NAME = AppIcon;
				INFOPLIST_FILE = "懒加载/Info.plist";
				LD_RUNPATH_SEARCH_PATHS = "$(inherited) @executable_path/Frameworks";
				PRODUCT_BUNDLE_IDENTIFIER = "diankun.---";
				PRODUCT_NAME = "$(TARGET_NAME)";
			};
			name = Debug;
		};
		EBDAFFD61CEBD24F0052630D /* Release */ = {
			isa = XCBuildConfiguration;
			buildSettings = {
				ASSETCATALOG_COMPILER_APPICON_NAME = AppIcon;
				INFOPLIST_FILE = "懒加载/Info.plist";
				LD_RUNPATH_SEARCH_PATHS = "$(inherited) @executable_path/Frameworks";
				PRODUCT_BUNDLE_IDENTIFIER = "diankun.---";
				PRODUCT_NAME = "$(TARGET_NAME)";
			};
			name = Release;
		};
		EBDAFFD81CEBD24F0052630D /* Debug */ = {
			isa = XCBuildConfiguration;
			buildSettings = {
				BUNDLE_LOADER = "$(TEST_HOST)";
				INFOPLIST_FILE = "懒加载Tests/Info.plist";
				LD_RUNPATH_SEARCH_PATHS = "$(inherited) @executable_path/Frameworks @loader_path/Frameworks";
				PRODUCT_BUNDLE_IDENTIFIER = "diankun.---Tests";
				PRODUCT_NAME = "$(TARGET_NAME)";
				TEST_HOST = "$(BUILT_PRODUCTS_DIR)/懒加载.app/懒加载";
			};
			name = Debug;
		};
		EBDAFFD91CEBD24F0052630D /* Release */ = {
			isa = XCBuildConfiguration;
			buildSettings = {
				BUNDLE_LOADER = "$(TEST_HOST)";
				INFOPLIST_FILE = "懒加载Tests/Info.plist";
				LD_RUNPATH_SEARCH_PATHS = "$(inherited) @executable_path/Frameworks @loader_path/Frameworks";
				PRODUCT_BUNDLE_IDENTIFIER = "diankun.---Tests";
				PRODUCT_NAME = "$(TARGET_NAME)";
				TEST_HOST = "$(BUILT_PRODUCTS_DIR)/懒加载.app/懒加载";
			};
			name = Release;
		};
		EBDAFFDB1CEBD24F0052630D /* Debug */ = {
			isa = XCBuildConfiguration;
			buildSettings = {
				INFOPLIST_FILE = "懒加载UITests/Info.plist";
				LD_RUNPATH_SEARCH_PATHS = "$(inherited) @executable_path/Frameworks @loader_path/Frameworks";
				PRODUCT_BUNDLE_IDENTIFIER = "diankun.---UITests";
				PRODUCT_NAME = "$(TARGET_NAME)";
				TEST_TARGET_NAME = "懒加载";
				USES_XCTRUNNER = YES;
			};
			name = Debug;
		};
		EBDAFFDC1CEBD24F0052630D /* Release */ = {
			isa = XCBuildConfiguration;
			buildSettings = {
				INFOPLIST_FILE = "懒加载UITests/Info.plist";
				LD_RUNPATH_SEARCH_PATHS = "$(inherited) @executable_path/Frameworks @loader_path/Frameworks";
				PRODUCT_BUNDLE_IDENTIFIER = "diankun.---UITests";
				PRODUCT_NAME = "$(TARGET_NAME)";
				TEST_TARGET_NAME = "懒加载";
				USES_XCTRUNNER = YES;
			};
			name = Release;
		};
/* End XCBuildConfiguration section */

/* Begin XCConfigurationList section */
		EBDAFFA71CEBD24F0052630D /* Build configuration list for PBXProject "懒加载" */ = {
			isa = XCConfigurationList;
			buildConfigurations = (
				EBDAFFD21CEBD24F0052630D /* Debug */,
				EBDAFFD31CEBD24F0052630D /* Release */,
			);
			defaultConfigurationIsVisible = 0;
			defaultConfigurationName = Release;
		};
		EBDAFFD41CEBD24F0052630D /* Build configuration list for PBXNativeTarget "懒加载" */ = {
			isa = XCConfigurationList;
			buildConfigurations = (
				EBDAFFD51CEBD24F0052630D /* Debug */,
				EBDAFFD61CEBD24F0052630D /* Release */,
			);
			defaultConfigurationIsVisible = 0;
		};
		EBDAFFD71CEBD24F0052630D /* Build configuration list for PBXNativeTarget "懒加载Tests" */ = {
			isa = XCConfigurationList;
			buildConfigurations = (
				EBDAFFD81CEBD24F0052630D /* Debug */,
				EBDAFFD91CEBD24F0052630D /* Release */,
			);
			defaultConfigurationIsVisible = 0;
		};
		EBDAFFDA1CEBD24F0052630D /* Build configuration list for PBXNativeTarget "懒加载UITests" */ = {
			isa = XCConfigurationList;
			buildConfigurations = (
				EBDAFFDB1CEBD24F0052630D /* Debug */,
				EBDAFFDC1CEBD24F0052630D /* Release */,
			);
			defaultConfigurationIsVisible = 0;
		};
/* End XCConfigurationList section */
	};
	rootObject = EBDAFFA41CEBD24F0052630D /* Project object */;
}
